
Microsoft Visual Studio Solution File, Format Version 12.00
# Visual Studio 2012
Project("{FAE04EC0-301F-11D3-BF4B-00C04F79EFBC}") = "01.a.HttpClient", "01.a.HttpClient\01.a.HttpClient.csproj", "{FEA4727D-7D53-453F-ADBF-43527B8D137A}"
EndProject
Project("{FAE04EC0-301F-11D3-BF4B-00C04F79EFBC}") = "02.HttpListener", "02.HttpListener\02.HttpListener.csproj", "{0D539553-B757-42E9-A9AC-8B9E46F199A0}"
EndProject
Project("{FAE04EC0-301F-11D3-BF4B-00C04F79EFBC}") = "DnsExample", "DnsExample\DnsExample.csproj", "{EEF79935-9D21-4F81-9095-3B93411C5472}"
EndProject
Project("{FAE04EC0-301F-11D3-BF4B-00C04F79EFBC}") = "03.b.TcpChatServer", "03.b.TcpChatServer\03.b.TcpChatServer.csproj", "{D70B1782-FFDD-4A42-9597-DA856D42C105}"
EndProject
Global
	GlobalSection(SolutionConfigurationPlatforms) = preSolution
		Debug|x86 = Debug|x86
		Release|x86 = Release|x86
	EndGlobalSection
	GlobalSection(ProjectConfigurationPlatforms) = postSolution
		{0D539553-B757-42E9-A9AC-8B9E46F199A0}.Debug|x86.ActiveCfg = Debug|x86
		{0D539553-B757-42E9-A9AC-8B9E46F199A0}.Debug|x86.Build.0 = Debug|x86
		{0D539553-B757-42E9-A9AC-8B9E46F199A0}.Release|x86.ActiveCfg = Release|x86
		{0D539553-B757-42E9-A9AC-8B9E46F199A0}.Release|x86.Build.0 = Release|x86
		{D70B1782-FFDD-4A42-9597-DA856D42C105}.Debug|x86.ActiveCfg = Debug|x86
		{D70B1782-FFDD-4A42-9597-DA856D42C105}.Debug|x86.Build.0 = Debug|x86
		{D70B1782-FFDD-4A42-9597-DA856D42C105}.Release|x86.ActiveCfg = Release|x86
		{D70B1782-FFDD-4A42-9597-DA856D42C105}.Release|x86.Build.0 = Release|x86
		{EEF79935-9D21-4F81-9095-3B93411C5472}.Debug|x86.ActiveCfg = Debug|x86
		{EEF79935-9D21-4F81-9095-3B93411C5472}.Debug|x86.Build.0 = Debug|x86
		{EEF79935-9D21-4F81-9095-3B93411C5472}.Release|x86.ActiveCfg = Release|x86
		{EEF79935-9D21-4F81-9095-3B93411C5472}.Release|x86.Build.0 = Release|x86
		{FEA4727D-7D53-453F-ADBF-43527B8D137A}.Debug|x86.ActiveCfg = Debug|x86
		{FEA4727D-7D53-453F-ADBF-43527B8D137A}.Debug|x86.Build.0 = Debug|x86
		{FEA4727D-7D53-453F-ADBF-43527B8D137A}.Release|x86.ActiveCfg = Release|x86
		{FEA4727D-7D53-453F-ADBF-43527B8D137A}.Release|x86.Build.0 = Release|x86
	EndGlobalSection
	GlobalSection(MonoDevelopProperties) = preSolution
		Policies = $0
		$0.TextStylePolicy = $1
		$1.inheritsSet = VisualStudio
		$1.inheritsScope = text/plain
		$1.scope = text/x-csharp
		$0.CSharpFormattingPolicy = $2
		$2.IndentSwitchBody = True
		$2.IndentBlocksInsideExpressions = True
		$2.AnonymousMethodBraceStyle = NextLine
		$2.PropertyBraceStyle = NextLine
		$2.PropertyGetBraceStyle = NextLine
		$2.PropertySetBraceStyle = NextLine
		$2.EventBraceStyle = NextLine
		$2.EventAddBraceStyle = NextLine
		$2.EventRemoveBraceStyle = NextLine
		$2.StatementBraceStyle = NextLine
		$2.ElseNewLinePlacement = NewLine
		$2.CatchNewLinePlacement = NewLine
		$2.FinallyNewLinePlacement = NewLine
		$2.WhileNewLinePlacement = DoNotCare
		$2.ArrayInitializerWrapping = DoNotChange
		$2.ArrayInitializerBraceStyle = NextLine
		$2.BeforeMethodDeclarationParentheses = False
		$2.BeforeMethodCallParentheses = False
		$2.BeforeConstructorDeclarationParentheses = False
		$2.NewLineBeforeConstructorInitializerColon = NewLine
		$2.NewLineAfterConstructorInitializerColon = SameLine
		$2.BeforeDelegateDeclarationParentheses = False
		$2.NewParentheses = False
		$2.SpacesBeforeBrackets = False
		$2.inheritsSet = Mono
		$2.inheritsScope = text/x-csharp
		$2.scope = text/x-csharp
	EndGlobalSection
EndGlobal
